
Microsoft Visual Studio Solution File, Format Version 12.00
# Visual Studio Version 17
VisualStudioVersion = 17.0.32014.148
MinimumVisualStudioVersion = 10.0.40219.1
Project("{9A19103F-16F7-4668-BE54-9A1E7A4F7556}") = "SnakeBlz", "SnakeBlz\SnakeBlz.csproj", "{532BE240-5777-483E-8192-00449C2B4FAB}"
	ProjectSection(ProjectDependencies) = postProject
		{139A0F12-1015-4E07-B09E-E20D076BE252} = {139A0F12-1015-4E07-B09E-E20D076BE252}
	EndProjectSection
EndProject
Project("{9A19103F-16F7-4668-BE54-9A1E7A4F7556}") = "SnakeBlz.Domain", "SnakeBlz.Domain\SnakeBlz.Domain.csproj", "{139A0F12-1015-4E07-B09E-E20D076BE252}"
EndProject
Global
	GlobalSection(SolutionConfigurationPlatforms) = preSolution
		Debug|Any CPU = Debug|Any CPU
		Release|Any CPU = Release|Any CPU
	EndGlobalSection
	GlobalSection(ProjectConfigurationPlatforms) = postSolution
		{532BE240-5777-483E-8192-00449C2B4FAB}.Debug|Any CPU.ActiveCfg = Debug|Any CPU
		{532BE240-5777-483E-8192-00449C2B4FAB}.Debug|Any CPU.Build.0 = Debug|Any CPU
		{532BE240-5777-483E-8192-00449C2B4FAB}.Release|Any CPU.ActiveCfg = Release|Any CPU
		{532BE240-5777-483E-8192-00449C2B4FAB}.Release|Any CPU.Build.0 = Release|Any CPU
		{139A0F12-1015-4E07-B09E-E20D076BE252}.Debug|Any CPU.ActiveCfg = Debug|Any CPU
		{139A0F12-1015-4E07-B09E-E20D076BE252}.Debug|Any CPU.Build.0 = Debug|Any CPU
		{139A0F12-1015-4E07-B09E-E20D076BE252}.Release|Any CPU.ActiveCfg = Release|Any CPU
		{139A0F12-1015-4E07-B09E-E20D076BE252}.Release|Any CPU.Build.0 = Release|Any CPU
	EndGlobalSection
	GlobalSection(SolutionProperties) = preSolution
		HideSolutionNode = FALSE
	EndGlobalSection
	GlobalSection(ExtensibilityGlobals) = postSolution
		SolutionGuid = {B0876238-D78C-41A4-8BFB-A18E60A882BC}
	EndGlobalSection
EndGlobal
